
Microsoft Visual Studio Solution File, Format Version 12.00
# Visual Studio Version 16
VisualStudioVersion = 16.0.809.0
MinimumVisualStudioVersion = 10.0.40219.1
Project("{FAE04EC0-301F-11D3-BF4B-00C04F79EFBC}") = "FreeformTextParser", "FreeformTextParser\FreeformTextParser.csproj", "{957E2FB3-9504-4067-9811-6D5436C1A20B}"
EndProject
Project("{FAE04EC0-301F-11D3-BF4B-00C04F79EFBC}") = "FreeformTextParse.Console", "FreeformTextParse.Console\FreeformTextParse.Console.csproj", "{72F83CD8-16D2-4D4F-83DF-378DE22DFCAE}"
EndProject
Global
	GlobalSection(SolutionConfigurationPlatforms) = preSolution
		Debug|Any CPU = Debug|Any CPU
		Release|Any CPU = Release|Any CPU
	EndGlobalSection
	GlobalSection(ProjectConfigurationPlatforms) = postSolution
		{957E2FB3-9504-4067-9811-6D5436C1A20B}.Debug|Any CPU.ActiveCfg = Debug|Any CPU
		{957E2FB3-9504-4067-9811-6D5436C1A20B}.Debug|Any CPU.Build.0 = Debug|Any CPU
		{957E2FB3-9504-4067-9811-6D5436C1A20B}.Release|Any CPU.ActiveCfg = Release|Any CPU
		{957E2FB3-9504-4067-9811-6D5436C1A20B}.Release|Any CPU.Build.0 = Release|Any CPU
		{72F83CD8-16D2-4D4F-83DF-378DE22DFCAE}.Debug|Any CPU.ActiveCfg = Debug|Any CPU
		{72F83CD8-16D2-4D4F-83DF-378DE22DFCAE}.Debug|Any CPU.Build.0 = Debug|Any CPU
		{72F83CD8-16D2-4D4F-83DF-378DE22DFCAE}.Release|Any CPU.ActiveCfg = Release|Any CPU
		{72F83CD8-16D2-4D4F-83DF-378DE22DFCAE}.Release|Any CPU.Build.0 = Release|Any CPU
	EndGlobalSection
	GlobalSection(SolutionProperties) = preSolution
		HideSolutionNode = FALSE
	EndGlobalSection
	GlobalSection(ExtensibilityGlobals) = postSolution
		SolutionGuid = {36D173E6-7C90-4A73-8B6A-379658AB0B21}
	EndGlobalSection
EndGlobal
